{
  "name": "@web-atoms/date-time",
  "version": "1.0.16",
  "lockfileVersion": 1,
  "requires": true,
  "dependencies": {
    "@web-atoms/unit-test": {
      "version": "1.0.8",
      "resolved": "https://registry.npmjs.org/@web-atoms/unit-test/-/unit-test-1.0.8.tgz",
      "integrity": "sha512-1yv01jRi+Z9yRz38quMVbroAKaj3d0Bo2Q8aXmZDimX0daR2SLClLUOQxKK4IFq6x1N5zANxlQ+jDmHNOBZVVA==",
      "dev": true,
      "requires": {
        "colors": "^1.3.3",
        "reflect-metadata": "^0.1.13",
        "typescript": "^3.6.3"
      }
    },
    "colors": {
      "version": "1.3.3",
      "resolved": "https://registry.npmjs.org/colors/-/colors-1.3.3.tgz",
      "integrity": "sha512-mmGt/1pZqYRjMxB1axhTo16/snVZ5krrKkcmMeVKxzECMMXoCgnvTPp10QgHfcbQZw8Dq2jMNG6je4JlWU0gWg==",
      "dev": true
    },
    "reflect-metadata": {
      "version": "0.1.13",
      "resolved": "https://registry.npmjs.org/reflect-metadata/-/reflect-metadata-0.1.13.tgz",
      "integrity": "sha512-Ts1Y/anZELhSsjMcU605fU9RE4Oi3p5ORujwbIKXfWa+0Zxs510Qrmrce5/Jowq3cHSZSJqBjypxmHarc+vEWg==",
      "dev": true
    },
    "typescript": {
      "version": "3.6.3",
      "resolved": "https://registry.npmjs.org/typescript/-/typescript-3.6.3.tgz",
      "integrity": "sha512-N7bceJL1CtRQ2RiG0AQME13ksR7DiuQh/QehubYcghzv20tnh+MQnQIuJddTmsbqYj+dztchykemz0zFzlvdQw==",
      "dev": true
    }
  }
}
